
Microsoft Visual Studio Solution File, Format Version 12.00
# Visual Studio Version 17
VisualStudioVersion = 17.0.31919.166
MinimumVisualStudioVersion = 10.0.40219.1
Project("{FAE04EC0-301F-11D3-BF4B-00C04F79EFBC}") = "adventofcode", "adventofcode\adventofcode.csproj", "{5298EF79-050A-490F-9C57-80FA5D278C4D}"
EndProject
Global
	GlobalSection(SolutionConfigurationPlatforms) = preSolution
		Debug|Any CPU = Debug|Any CPU
		Release|Any CPU = Release|Any CPU
	EndGlobalSection
	GlobalSection(ProjectConfigurationPlatforms) = postSolution
		{5298EF79-050A-490F-9C57-80FA5D278C4D}.Debug|Any CPU.ActiveCfg = Debug|Any CPU
		{5298EF79-050A-490F-9C57-80FA5D278C4D}.Debug|Any CPU.Build.0 = Debug|Any CPU
		{5298EF79-050A-490F-9C57-80FA5D278C4D}.Release|Any CPU.ActiveCfg = Release|Any CPU
		{5298EF79-050A-490F-9C57-80FA5D278C4D}.Release|Any CPU.Build.0 = Release|Any CPU
	EndGlobalSection
	GlobalSection(SolutionProperties) = preSolution
		HideSolutionNode = FALSE
	EndGlobalSection
	GlobalSection(ExtensibilityGlobals) = postSolution
		SolutionGuid = {3F233EE1-D078-498A-B72F-7BB73908B242}
	EndGlobalSection
EndGlobal
